// !$*UTF8*$!
{
	archiveVersion = 1;
	classes = {
	};
	objectVersion = 50;
	objects = {

/* Begin PBXBuildFile section */
		AC1A9ADC208CE60900B946D3 /* AppDelegate.swift in Sources */ = {isa = PBXBuildFile; fileRef = AC1A9ADB208CE60900B946D3 /* AppDelegate.swift */; };
		AC1A9ADE208CE60900B946D3 /* FirstVC.swift in Sources */ = {isa = PBXBuildFile; fileRef = AC1A9ADD208CE60900B946D3 /* FirstVC.swift */; };
		AC1A9AE1208CE60900B946D3 /* Main.storyboard in Resources */ = {isa = PBXBuildFile; fileRef = AC1A9ADF208CE60900B946D3 /* Main.storyboard */; };
		AC1A9AE3208CE60A00B946D3 /* Assets.xcassets in Resources */ = {isa = PBXBuildFile; fileRef = AC1A9AE2208CE60A00B946D3 /* Assets.xcassets */; };
		AC1A9AE6208CE60A00B946D3 /* LaunchScreen.storyboard in Resources */ = {isa = PBXBuildFile; fileRef = AC1A9AE4208CE60A00B946D3 /* LaunchScreen.storyboard */; };
		AC1A9AEF208CE79200B946D3 /* RoundedShadowView.swift in Sources */ = {isa = PBXBuildFile; fileRef = AC1A9AEE208CE79200B946D3 /* RoundedShadowView.swift */; };
		AC1A9AF1208CF30F00B946D3 /* MainCollectionView.swift in Sources */ = {isa = PBXBuildFile; fileRef = AC1A9AF0208CF30F00B946D3 /* MainCollectionView.swift */; };
		AC1A9AF3208CF35200B946D3 /* PhotoCell.swift in Sources */ = {isa = PBXBuildFile; fileRef = AC1A9AF2208CF35200B946D3 /* PhotoCell.swift */; };
/* End PBXBuildFile section */

/* Begin PBXFileReference section */
		AC1A9AD8208CE60900B946D3 /* HappyMem.app */ = {isa = PBXFileReference; explicitFileType = wrapper.application; includeInIndex = 0; path = HappyMem.app; sourceTree = BUILT_PRODUCTS_DIR; };
		AC1A9ADB208CE60900B946D3 /* AppDelegate.swift */ = {isa = PBXFileReference; lastKnownFileType = sourcecode.swift; path = AppDelegate.swift; sourceTree = "<group>"; };
		AC1A9ADD208CE60900B946D3 /* FirstVC.swift */ = {isa = PBXFileReference; lastKnownFileType = sourcecode.swift; path = FirstVC.swift; sourceTree = "<group>"; };
		AC1A9AE0208CE60900B946D3 /* Base */ = {isa = PBXFileReference; lastKnownFileType = file.storyboard; name = Base; path = Base.lproj/Main.storyboard; sourceTree = "<group>"; };
		AC1A9AE2208CE60A00B946D3 /* Assets.xcassets */ = {isa = PBXFileReference; lastKnownFileType = folder.assetcatalog; path = Assets.xcassets; sourceTree = "<group>"; };
		AC1A9AE5208CE60A00B946D3 /* Base */ = {isa = PBXFileReference; lastKnownFileType = file.storyboard; name = Base; path = Base.lproj/LaunchScreen.storyboard; sourceTree = "<group>"; };
		AC1A9AE7208CE60A00B946D3 /* Info.plist */ = {isa = PBXFileReference; lastKnownFileType = text.plist.xml; path = Info.plist; sourceTree = "<group>"; };
		AC1A9AEE208CE79200B946D3 /* RoundedShadowView.swift */ = {isa = PBXFileReference; lastKnownFileType = sourcecode.swift; path = RoundedShadowView.swift; sourceTree = "<group>"; };
		AC1A9AF0208CF30F00B946D3 /* MainCollectionView.swift */ = {isa = PBXFileReference; lastKnownFileType = sourcecode.swift; path = MainCollectionView.swift; sourceTree = "<group>"; };
		AC1A9AF2208CF35200B946D3 /* PhotoCell.swift */ = {isa = PBXFileReference; lastKnownFileType = sourcecode.swift; path = PhotoCell.swift; sourceTree = "<group>"; };
/* End PBXFileReference section */

/* Begin PBXFrameworksBuildPhase section */
		AC1A9AD5208CE60900B946D3 /* Frameworks */ = {
			isa = PBXFrameworksBuildPhase;
			buildActionMask = 2147483647;
			files = (
			);
			runOnlyForDeploymentPostprocessing = 0;
		};
/* End PBXFrameworksBuildPhase section */

/* Begin PBXGroup section */
		AC1A9ACF208CE60900B946D3 = {
			isa = PBXGroup;
			children = (
				AC1A9ADA208CE60900B946D3 /* HappyMem */,
				AC1A9AD9208CE60900B946D3 /* Products */,
			);
			sourceTree = "<group>";
		};
		AC1A9AD9208CE60900B946D3 /* Products */ = {
			isa = PBXGroup;
			children = (
				AC1A9AD8208CE60900B946D3 /* HappyMem.app */,
			);
			name = Products;
			sourceTree = "<group>";
		};
		AC1A9ADA208CE60900B946D3 /* HappyMem */ = {
			isa = PBXGroup;
			children = (
				AC1A9AED208CE76B00B946D3 /* CustomView */,
				AC1A9ADB208CE60900B946D3 /* AppDelegate.swift */,
				AC1A9ADD208CE60900B946D3 /* FirstVC.swift */,
				AC1A9AF0208CF30F00B946D3 /* MainCollectionView.swift */,
				AC1A9ADF208CE60900B946D3 /* Main.storyboard */,
				AC1A9AE2208CE60A00B946D3 /* Assets.xcassets */,
				AC1A9AE4208CE60A00B946D3 /* LaunchScreen.storyboard */,
				AC1A9AE7208CE60A00B946D3 /* Info.plist */,
				AC1A9AF2208CF35200B946D3 /* PhotoCell.swift */,
			);
			path = HappyMem;
			sourceTree = "<group>";
		};
		AC1A9AED208CE76B00B946D3 /* CustomView */ = {
			isa = PBXGroup;
			children = (
				AC1A9AEE208CE79200B946D3 /* RoundedShadowView.swift */,
			);
			path = CustomView;
			sourceTree = "<group>";
		};
/* End PBXGroup section */

/* Begin PBXNativeTarget section */
		AC1A9AD7208CE60900B946D3 /* HappyMem */ = {
			isa = PBXNativeTarget;
			buildConfigurationList = AC1A9AEA208CE60A00B946D3 /* Build configuration list for PBXNativeTarget "HappyMem" */;
			buildPhases = (
				AC1A9AD4208CE60900B946D3 /* Sources */,
				AC1A9AD5208CE60900B946D3 /* Frameworks */,
				AC1A9AD6208CE60900B946D3 /* Resources */,
			);
			buildRules = (
			);
			dependencies = (
			);
			name = HappyMem;
			productName = HappyMem;
			productReference = AC1A9AD8208CE60900B946D3 /* HappyMem.app */;
			productType = "com.apple.product-type.application";
		};
/* End PBXNativeTarget section */

/* Begin PBXProject section */
		AC1A9AD0208CE60900B946D3 /* Project object */ = {
			isa = PBXProject;
			attributes = {
				LastSwiftUpdateCheck = 0930;
				LastUpgradeCheck = 0930;
				ORGANIZATIONNAME = "Alisher Abdukarimov";
				TargetAttributes = {
					AC1A9AD7208CE60900B946D3 = {
						CreatedOnToolsVersion = 9.3;
					};
				};
			};
			buildConfigurationList = AC1A9AD3208CE60900B946D3 /* Build configuration list for PBXProject "HappyMem" */;
			compatibilityVersion = "Xcode 9.3";
			developmentRegion = en;
			hasScannedForEncodings = 0;
			knownRegions = (
				en,
				Base,
			);
			mainGroup = AC1A9ACF208CE60900B946D3;
			productRefGroup = AC1A9AD9208CE60900B946D3 /* Products */;
			projectDirPath = "";
			projectRoot = "";
			targets = (
				AC1A9AD7208CE60900B946D3 /* HappyMem */,
			);
		};
/* End PBXProject section */

/* Begin PBXResourcesBuildPhase section */
		AC1A9AD6208CE60900B946D3 /* Resources */ = {
			isa = PBXResourcesBuildPhase;
			buildActionMask = 2147483647;
			files = (
				AC1A9AE6208CE60A00B946D3 /* LaunchScreen.storyboard in Resources */,
				AC1A9AE3208CE60A00B946D3 /* Assets.xcassets in Resources */,
				AC1A9AE1208CE60900B946D3 /* Main.storyboard in Resources */,
			);
			runOnlyForDeploymentPostprocessing = 0;
		};
/* End PBXResourcesBuildPhase section */

/* Begin PBXSourcesBuildPhase section */
		AC1A9AD4208CE60900B946D3 /* Sources */ = {
			isa = PBXSourcesBuildPhase;
			buildActionMask = 2147483647;
			files = (
				AC1A9ADE208CE60900B946D3 /* FirstVC.swift in Sources */,
				AC1A9AF3208CF35200B946D3 /* PhotoCell.swift in Sources */,
				AC1A9ADC208CE60900B946D3 /* AppDelegate.swift in Sources */,
				AC1A9AEF208CE79200B946D3 /* RoundedShadowView.swift in Sources */,
				AC1A9AF1208CF30F00B946D3 /* MainCollectionView.swift in Sources */,
			);
			runOnlyForDeploymentPostprocessing = 0;
		};
/* End PBXSourcesBuildPhase section */

/* Begin PBXVariantGroup section */
		AC1A9ADF208CE60900B946D3 /* Main.storyboard */ = {
			isa = PBXVariantGroup;
			children = (
				AC1A9AE0208CE60900B946D3 /* Base */,
			);
			name = Main.storyboard;
			sourceTree = "<group>";
		};
		AC1A9AE4208CE60A00B946D3 /* LaunchScreen.storyboard */ = {
			isa = PBXVariantGroup;
			children = (
				AC1A9AE5208CE60A00B946D3 /* Base */,
			);
			name = LaunchScreen.storyboard;
			sourceTree = "<group>";
		};
/* End PBXVariantGroup section */

/* Begin XCBuildConfiguration section */
		AC1A9AE8208CE60A00B946D3 /* Debug */ = {
			isa = XCBuildConfiguration;
			buildSettings = {
				ALWAYS_SEARCH_USER_PATHS = NO;
				CLANG_ANALYZER_NONNULL = YES;
				CLANG_ANALYZER_NUMBER_OBJECT_CONVERSION = YES_AGGRESSIVE;
				CLANG_CXX_LANGUAGE_STANDARD = "gnu++14";
				CLANG_CXX_LIBRARY = "libc++";
				CLANG_ENABLE_MODULES = YES;
				CLANG_ENABLE_OBJC_ARC = YES;
				CLANG_ENABLE_OBJC_WEAK = YES;
				CLANG_WARN_BLOCK_CAPTURE_AUTORELEASING = YES;
				CLANG_WARN_BOOL_CONVERSION = YES;
				CLANG_WARN_COMMA = YES;
				CLANG_WARN_CONSTANT_CONVERSION = YES;
				CLANG_WARN_DEPRECATED_OBJC_IMPLEMENTATIONS = YES;
				CLANG_WARN_DIRECT_OBJC_ISA_USAGE = YES_ERROR;
				CLANG_WARN_DOCUMENTATION_COMMENTS = YES;
				CLANG_WARN_EMPTY_BODY = YES;
				CLANG_WARN_ENUM_CONVERSION = YES;
				CLANG_WARN_INFINITE_RECURSION = YES;
				CLANG_WARN_INT_CONVERSION = YES;
				CLANG_WARN_NON_LITERAL_NULL_CONVERSION = YES;
				CLANG_WARN_OBJC_IMPLICIT_RETAIN_SELF = YES;
				CLANG_WARN_OBJC_LITERAL_CONVERSION = YES;
				CLANG_WARN_OBJC_ROOT_CLASS = YES_ERROR;
				CLANG_WARN_RANGE_LOOP_ANALYSIS = YES;
				CLANG_WARN_STRICT_PROTOTYPES = YES;
				CLANG_WARN_SUSPICIOUS_MOVE = YES;
				CLANG_WARN_UNGUARDED_AVAILABILITY = YES_AGGRESSIVE;
				CLANG_WARN_UNREACHABLE_CODE = YES;
				CLANG_WARN__DUPLICATE_METHOD_MATCH = YES;
				CODE_SIGN_IDENTITY = "iPhone Developer";
				COPY_PHASE_STRIP = NO;
				DEBUG_INFORMATION_FORMAT = dwarf;
				ENABLE_STRICT_OBJC_MSGSEND = YES;
				ENABLE_TESTABILITY = YES;
				GCC_C_LANGUAGE_STANDARD = gnu11;
				GCC_DYNAMIC_NO_PIC = NO;
				GCC_NO_COMMON_BLOCKS = YES;
				GCC_OPTIMIZATION_LEVEL = 0;
				GCC_PREPROCESSOR_DEFINITIONS = (
					"DEBUG=1",
					"$(inherited)",
				);
				GCC_WARN_64_TO_32_BIT_CONVERSION = YES;
				GCC_WARN_ABOUT_RETURN_TYPE = YES_ERROR;
				GCC_WARN_UNDECLARED_SELECTOR = YES;
				GCC_WARN_UNINITIALIZED_AUTOS = YES_AGGRESSIVE;
				GCC_WARN_UNUSED_FUNCTION = YES;
				GCC_WARN_UNUSED_VARIABLE = YES;
				IPHONEOS_DEPLOYMENT_TARGET = 11.3;
				MTL_ENABLE_DEBUG_INFO = YES;
				ONLY_ACTIVE_ARCH = YES;
				SDKROOT = iphoneos;
				SWIFT_ACTIVE_COMPILATION_CONDITIONS = DEBUG;
				SWIFT_OPTIMIZATION_LEVEL = "-Onone";
			};
			name = Debug;
		};
		AC1A9AE9208CE60A00B946D3 /* Release */ = {
			isa = XCBuildConfiguration;
			buildSettings = {
				ALWAYS_SEARCH_USER_PATHS = NO;
				CLANG_ANALYZER_NONNULL = YES;
				CLANG_ANALYZER_NUMBER_OBJECT_CONVERSION = YES_AGGRESSIVE;
				CLANG_CXX_LANGUAGE_STANDARD = "gnu++14";
				CLANG_CXX_LIBRARY = "libc++";
				CLANG_ENABLE_MODULES = YES;
				CLANG_ENABLE_OBJC_ARC = YES;
				CLANG_ENABLE_OBJC_WEAK = YES;
				CLANG_WARN_BLOCK_CAPTURE_AUTORELEASING = YES;
				CLANG_WARN_BOOL_CONVERSION = YES;
				CLANG_WARN_COMMA = YES;
				CLANG_WARN_CONSTANT_CONVERSION = YES;
				CLANG_WARN_DEPRECATED_OBJC_IMPLEMENTATIONS = YES;
				CLANG_WARN_DIRECT_OBJC_ISA_USAGE = YES_ERROR;
				CLANG_WARN_DOCUMENTATION_COMMENTS = YES;
				CLANG_WARN_EMPTY_BODY = YES;
				CLANG_WARN_ENUM_CONVERSION = YES;
				CLANG_WARN_INFINITE_RECURSION = YES;
				CLANG_WARN_INT_CONVERSION = YES;
				CLANG_WARN_NON_LITERAL_NULL_CONVERSION = YES;
				CLANG_WARN_OBJC_IMPLICIT_RETAIN_SELF = YES;
				CLANG_WARN_OBJC_LITERAL_CONVERSION = YES;
				CLANG_WARN_OBJC_ROOT_CLASS = YES_ERROR;
				CLANG_WARN_RANGE_LOOP_ANALYSIS = YES;
				CLANG_WARN_STRICT_PROTOTYPES = YES;
				CLANG_WARN_SUSPICIOUS_MOVE = YES;
				CLANG_WARN_UNGUARDED_AVAILABILITY = YES_AGGRESSIVE;
				CLANG_WARN_UNREACHABLE_CODE = YES;
				CLANG_WARN__DUPLICATE_METHOD_MATCH = YES;
				CODE_SIGN_IDENTITY = "iPhone Developer";
				COPY_PHASE_STRIP = NO;
				DEBUG_INFORMATION_FORMAT = "dwarf-with-dsym";
				ENABLE_NS_ASSERTIONS = NO;
				ENABLE_STRICT_OBJC_MSGSEND = YES;
				GCC_C_LANGUAGE_STANDARD = gnu11;
				GCC_NO_COMMON_BLOCKS = YES;
				GCC_WARN_64_TO_32_BIT_CONVERSION = YES;
				GCC_WARN_ABOUT_RETURN_TYPE = YES_ERROR;
				GCC_WARN_UNDECLARED_SELECTOR = YES;
				GCC_WARN_UNINITIALIZED_AUTOS = YES_AGGRESSIVE;
				GCC_WARN_UNUSED_FUNCTION = YES;
				GCC_WARN_UNUSED_VARIABLE = YES;
				IPHONEOS_DEPLOYMENT_TARGET = 11.3;
				MTL_ENABLE_DEBUG_INFO = NO;
				SDKROOT = iphoneos;
				SWIFT_COMPILATION_MODE = wholemodule;
				SWIFT_OPTIMIZATION_LEVEL = "-O";
				VALIDATE_PRODUCT = YES;
			};
			name = Release;
		};
		AC1A9AEB208CE60A00B946D3 /* Debug */ = {
			isa = XCBuildConfiguration;
			buildSettings = {
				ASSETCATALOG_COMPILER_APPICON_NAME = AppIcon;
				CODE_SIGN_STYLE = Automatic;
				DEVELOPMENT_TEAM = U3FSDK5XFF;
				INFOPLIST_FILE = HappyMem/Info.plist;
				LD_RUNPATH_SEARCH_PATHS = (
					"$(inherited)",
					"@executable_path/Frameworks",
				);
				PRODUCT_BUNDLE_IDENTIFIER = com.aligorithm.HappyMem;
				PRODUCT_NAME = "$(TARGET_NAME)";
				SWIFT_VERSION = 4.0;
				TARGETED_DEVICE_FAMILY = "1,2";
			};
			name = Debug;
		};
		AC1A9AEC208CE60A00B946D3 /* Release */ = {
			isa = XCBuildConfiguration;
			buildSettings = {
				ASSETCATALOG_COMPILER_APPICON_NAME = AppIcon;
				CODE_SIGN_STYLE = Automatic;
				DEVELOPMENT_TEAM = U3FSDK5XFF;
				INFOPLIST_FILE = HappyMem/Info.plist;
				LD_RUNPATH_SEARCH_PATHS = (
					"$(inherited)",
					"@executable_path/Frameworks",
				);
				PRODUCT_BUNDLE_IDENTIFIER = com.aligorithm.HappyMem;
				PRODUCT_NAME = "$(TARGET_NAME)";
				SWIFT_VERSION = 4.0;
				TARGETED_DEVICE_FAMILY = "1,2";
			};
			name = Release;
		};
/* End XCBuildConfiguration section */

/* Begin XCConfigurationList section */
		AC1A9AD3208CE60900B946D3 /* Build configuration list for PBXProject "HappyMem" */ = {
			isa = XCConfigurationList;
			buildConfigurations = (
				AC1A9AE8208CE60A00B946D3 /* Debug */,
				AC1A9AE9208CE60A00B946D3 /* Release */,
			);
			defaultConfigurationIsVisible = 0;
			defaultConfigurationName = Release;
		};
		AC1A9AEA208CE60A00B946D3 /* Build configuration list for PBXNativeTarget "HappyMem" */ = {
			isa = XCConfigurationList;
			buildConfigurations = (
				AC1A9AEB208CE60A00B946D3 /* Debug */,
				AC1A9AEC208CE60A00B946D3 /* Release */,
			);
			defaultConfigurationIsVisible = 0;
			defaultConfigurationName = Release;
		};
/* End XCConfigurationList section */
	};
	rootObject = AC1A9AD0208CE60900B946D3 /* Project object */;
}
